// !$*UTF8*$!
{
	archiveVersion = 1;
	classes = {
	};
	objectVersion = 48;
	objects = {

/* Begin PBXBuildFile section */
		8209ACE32022DDA4000255DF /* AppDelegate.swift in Sources */ = {isa = PBXBuildFile; fileRef = 8209ACE22022DDA4000255DF /* AppDelegate.swift */; };
		8209ACE52022DDA4000255DF /* GameViewController.swift in Sources */ = {isa = PBXBuildFile; fileRef = 8209ACE42022DDA4000255DF /* GameViewController.swift */; };
		8209ACE82022DDA4000255DF /* Main.storyboard in Resources */ = {isa = PBXBuildFile; fileRef = 8209ACE62022DDA4000255DF /* Main.storyboard */; };
		8209ACEB2022DDA4000255DF /* LaunchScreen.storyboard in Resources */ = {isa = PBXBuildFile; fileRef = 8209ACE92022DDA4000255DF /* LaunchScreen.storyboard */; };
		8209ACED2022DDA4000255DF /* Actions.sks in Resources */ = {isa = PBXBuildFile; fileRef = 8209ACD72022DDA3000255DF /* Actions.sks */; };
		8209ACEE2022DDA4000255DF /* GameScene.sks in Resources */ = {isa = PBXBuildFile; fileRef = 8209ACD82022DDA3000255DF /* GameScene.sks */; };
		8209ACEF2022DDA4000255DF /* GameScene.swift in Sources */ = {isa = PBXBuildFile; fileRef = 8209ACD92022DDA3000255DF /* GameScene.swift */; };
		8209ACF02022DDA4000255DF /* Assets.xcassets in Resources */ = {isa = PBXBuildFile; fileRef = 8209ACDA2022DDA3000255DF /* Assets.xcassets */; };
/* End PBXBuildFile section */

/* Begin PBXFileReference section */
		8209ACD72022DDA3000255DF /* Actions.sks */ = {isa = PBXFileReference; lastKnownFileType = file.sks; path = Actions.sks; sourceTree = "<group>"; };
		8209ACD82022DDA3000255DF /* GameScene.sks */ = {isa = PBXFileReference; lastKnownFileType = file.sks; path = GameScene.sks; sourceTree = "<group>"; };
		8209ACD92022DDA3000255DF /* GameScene.swift */ = {isa = PBXFileReference; lastKnownFileType = sourcecode.swift; path = GameScene.swift; sourceTree = "<group>"; };
		8209ACDA2022DDA3000255DF /* Assets.xcassets */ = {isa = PBXFileReference; lastKnownFileType = folder.assetcatalog; path = Assets.xcassets; sourceTree = "<group>"; };
		8209ACDF2022DDA3000255DF /* WaterWarriorsMultiplayer.app */ = {isa = PBXFileReference; explicitFileType = wrapper.application; includeInIndex = 0; path = WaterWarriorsMultiplayer.app; sourceTree = BUILT_PRODUCTS_DIR; };
		8209ACE22022DDA4000255DF /* AppDelegate.swift */ = {isa = PBXFileReference; lastKnownFileType = sourcecode.swift; path = AppDelegate.swift; sourceTree = "<group>"; };
		8209ACE42022DDA4000255DF /* GameViewController.swift */ = {isa = PBXFileReference; lastKnownFileType = sourcecode.swift; path = GameViewController.swift; sourceTree = "<group>"; };
		8209ACE72022DDA4000255DF /* Base */ = {isa = PBXFileReference; lastKnownFileType = file.storyboard; name = Base; path = Base.lproj/Main.storyboard; sourceTree = "<group>"; };
		8209ACEA2022DDA4000255DF /* Base */ = {isa = PBXFileReference; lastKnownFileType = file.storyboard; name = Base; path = Base.lproj/LaunchScreen.storyboard; sourceTree = "<group>"; };
		8209ACEC2022DDA4000255DF /* Info.plist */ = {isa = PBXFileReference; lastKnownFileType = text.plist.xml; path = Info.plist; sourceTree = "<group>"; };
/* End PBXFileReference section */

/* Begin PBXFrameworksBuildPhase section */
		8209ACDC2022DDA3000255DF /* Frameworks */ = {
			isa = PBXFrameworksBuildPhase;
			buildActionMask = 2147483647;
			files = (
			);
			runOnlyForDeploymentPostprocessing = 0;
		};
/* End PBXFrameworksBuildPhase section */

/* Begin PBXGroup section */
		8209ACD12022DDA2000255DF = {
			isa = PBXGroup;
			children = (
				8209ACD62022DDA3000255DF /* WaterWarriorsMultiplayer Shared */,
				8209ACE12022DDA3000255DF /* WaterWarriorsMultiplayer iOS */,
				8209ACE02022DDA3000255DF /* Products */,
			);
			sourceTree = "<group>";
		};
		8209ACD62022DDA3000255DF /* WaterWarriorsMultiplayer Shared */ = {
			isa = PBXGroup;
			children = (
				8209ACD72022DDA3000255DF /* Actions.sks */,
				8209ACD82022DDA3000255DF /* GameScene.sks */,
				8209ACD92022DDA3000255DF /* GameScene.swift */,
				8209ACDA2022DDA3000255DF /* Assets.xcassets */,
			);
			path = "WaterWarriorsMultiplayer Shared";
			sourceTree = "<group>";
		};
		8209ACE02022DDA3000255DF /* Products */ = {
			isa = PBXGroup;
			children = (
				8209ACDF2022DDA3000255DF /* WaterWarriorsMultiplayer.app */,
			);
			name = Products;
			sourceTree = "<group>";
		};
		8209ACE12022DDA3000255DF /* WaterWarriorsMultiplayer iOS */ = {
			isa = PBXGroup;
			children = (
				8209ACE22022DDA4000255DF /* AppDelegate.swift */,
				8209ACE42022DDA4000255DF /* GameViewController.swift */,
				8209ACE62022DDA4000255DF /* Main.storyboard */,
				8209ACE92022DDA4000255DF /* LaunchScreen.storyboard */,
				8209ACEC2022DDA4000255DF /* Info.plist */,
			);
			path = "WaterWarriorsMultiplayer iOS";
			sourceTree = "<group>";
		};
/* End PBXGroup section */

/* Begin PBXNativeTarget section */
		8209ACDE2022DDA3000255DF /* WaterWarriorsMultiplayer iOS */ = {
			isa = PBXNativeTarget;
			buildConfigurationList = 8209ACF32022DDA4000255DF /* Build configuration list for PBXNativeTarget "WaterWarriorsMultiplayer iOS" */;
			buildPhases = (
				8209ACDB2022DDA3000255DF /* Sources */,
				8209ACDC2022DDA3000255DF /* Frameworks */,
				8209ACDD2022DDA3000255DF /* Resources */,
			);
			buildRules = (
			);
			dependencies = (
			);
			name = "WaterWarriorsMultiplayer iOS";
			productName = "WaterWarriorsMultiplayer iOS";
			productReference = 8209ACDF2022DDA3000255DF /* WaterWarriorsMultiplayer.app */;
			productType = "com.apple.product-type.application";
		};
/* End PBXNativeTarget section */

/* Begin PBXProject section */
		8209ACD22022DDA2000255DF /* Project object */ = {
			isa = PBXProject;
			attributes = {
				LastSwiftUpdateCheck = 0920;
				LastUpgradeCheck = 0920;
				ORGANIZATIONNAME = Anubis;
				TargetAttributes = {
					8209ACDE2022DDA3000255DF = {
						CreatedOnToolsVersion = 9.2;
						ProvisioningStyle = Automatic;
					};
				};
			};
			buildConfigurationList = 8209ACD52022DDA2000255DF /* Build configuration list for PBXProject "WaterWarriorsMultiplayer" */;
			compatibilityVersion = "Xcode 8.0";
			developmentRegion = en;
			hasScannedForEncodings = 0;
			knownRegions = (
				en,
				Base,
			);
			mainGroup = 8209ACD12022DDA2000255DF;
			productRefGroup = 8209ACE02022DDA3000255DF /* Products */;
			projectDirPath = "";
			projectRoot = "";
			targets = (
				8209ACDE2022DDA3000255DF /* WaterWarriorsMultiplayer iOS */,
			);
		};
/* End PBXProject section */

/* Begin PBXResourcesBuildPhase section */
		8209ACDD2022DDA3000255DF /* Resources */ = {
			isa = PBXResourcesBuildPhase;
			buildActionMask = 2147483647;
			files = (
				8209ACEE2022DDA4000255DF /* GameScene.sks in Resources */,
				8209ACE82022DDA4000255DF /* Main.storyboard in Resources */,
				8209ACED2022DDA4000255DF /* Actions.sks in Resources */,
				8209ACEB2022DDA4000255DF /* LaunchScreen.storyboard in Resources */,
				8209ACF02022DDA4000255DF /* Assets.xcassets in Resources */,
			);
			runOnlyForDeploymentPostprocessing = 0;
		};
/* End PBXResourcesBuildPhase section */

/* Begin PBXSourcesBuildPhase section */
		8209ACDB2022DDA3000255DF /* Sources */ = {
			isa = PBXSourcesBuildPhase;
			buildActionMask = 2147483647;
			files = (
				8209ACEF2022DDA4000255DF /* GameScene.swift in Sources */,
				8209ACE52022DDA4000255DF /* GameViewController.swift in Sources */,
				8209ACE32022DDA4000255DF /* AppDelegate.swift in Sources */,
			);
			runOnlyForDeploymentPostprocessing = 0;
		};
/* End PBXSourcesBuildPhase section */

/* Begin PBXVariantGroup section */
		8209ACE62022DDA4000255DF /* Main.storyboard */ = {
			isa = PBXVariantGroup;
			children = (
				8209ACE72022DDA4000255DF /* Base */,
			);
			name = Main.storyboard;
			sourceTree = "<group>";
		};
		8209ACE92022DDA4000255DF /* LaunchScreen.storyboard */ = {
			isa = PBXVariantGroup;
			children = (
				8209ACEA2022DDA4000255DF /* Base */,
			);
			name = LaunchScreen.storyboard;
			sourceTree = "<group>";
		};
/* End PBXVariantGroup section */

/* Begin XCBuildConfiguration section */
		8209ACF12022DDA4000255DF /* Debug */ = {
			isa = XCBuildConfiguration;
			buildSettings = {
				ALWAYS_SEARCH_USER_PATHS = NO;
				CLANG_ANALYZER_NONNULL = YES;
				CLANG_ANALYZER_NUMBER_OBJECT_CONVERSION = YES_AGGRESSIVE;
				CLANG_CXX_LANGUAGE_STANDARD = "gnu++14";
				CLANG_CXX_LIBRARY = "libc++";
				CLANG_ENABLE_MODULES = YES;
				CLANG_ENABLE_OBJC_ARC = YES;
				CLANG_WARN_BLOCK_CAPTURE_AUTORELEASING = YES;
				CLANG_WARN_BOOL_CONVERSION = YES;
				CLANG_WARN_COMMA = YES;
				CLANG_WARN_CONSTANT_CONVERSION = YES;
				CLANG_WARN_DIRECT_OBJC_ISA_USAGE = YES_ERROR;
				CLANG_WARN_DOCUMENTATION_COMMENTS = YES;
				CLANG_WARN_EMPTY_BODY = YES;
				CLANG_WARN_ENUM_CONVERSION = YES;
				CLANG_WARN_INFINITE_RECURSION = YES;
				CLANG_WARN_INT_CONVERSION = YES;
				CLANG_WARN_NON_LITERAL_NULL_CONVERSION = YES;
				CLANG_WARN_OBJC_LITERAL_CONVERSION = YES;
				CLANG_WARN_OBJC_ROOT_CLASS = YES_ERROR;
				CLANG_WARN_RANGE_LOOP_ANALYSIS = YES;
				CLANG_WARN_STRICT_PROTOTYPES = YES;
				CLANG_WARN_SUSPICIOUS_MOVE = YES;
				CLANG_WARN_UNGUARDED_AVAILABILITY = YES_AGGRESSIVE;
				CLANG_WARN_UNREACHABLE_CODE = YES;
				CLANG_WARN__DUPLICATE_METHOD_MATCH = YES;
				COPY_PHASE_STRIP = NO;
				DEBUG_INFORMATION_FORMAT = dwarf;
				ENABLE_STRICT_OBJC_MSGSEND = YES;
				ENABLE_TESTABILITY = YES;
				GCC_C_LANGUAGE_STANDARD = gnu11;
				GCC_DYNAMIC_NO_PIC = NO;
				GCC_NO_COMMON_BLOCKS = YES;
				GCC_OPTIMIZATION_LEVEL = 0;
				GCC_PREPROCESSOR_DEFINITIONS = (
					"DEBUG=1",
					"$(inherited)",
				);
				GCC_WARN_64_TO_32_BIT_CONVERSION = YES;
				GCC_WARN_ABOUT_RETURN_TYPE = YES_ERROR;
				GCC_WARN_UNDECLARED_SELECTOR = YES;
				GCC_WARN_UNINITIALIZED_AUTOS = YES_AGGRESSIVE;
				GCC_WARN_UNUSED_FUNCTION = YES;
				GCC_WARN_UNUSED_VARIABLE = YES;
				MTL_ENABLE_DEBUG_INFO = YES;
				ONLY_ACTIVE_ARCH = YES;
				SWIFT_ACTIVE_COMPILATION_CONDITIONS = DEBUG;
				SWIFT_OPTIMIZATION_LEVEL = "-Onone";
			};
			name = Debug;
		};
		8209ACF22022DDA4000255DF /* Release */ = {
			isa = XCBuildConfiguration;
			buildSettings = {
				ALWAYS_SEARCH_USER_PATHS = NO;
				CLANG_ANALYZER_NONNULL = YES;
				CLANG_ANALYZER_NUMBER_OBJECT_CONVERSION = YES_AGGRESSIVE;
				CLANG_CXX_LANGUAGE_STANDARD = "gnu++14";
				CLANG_CXX_LIBRARY = "libc++";
				CLANG_ENABLE_MODULES = YES;
				CLANG_ENABLE_OBJC_ARC = YES;
				CLANG_WARN_BLOCK_CAPTURE_AUTORELEASING = YES;
				CLANG_WARN_BOOL_CONVERSION = YES;
				CLANG_WARN_COMMA = YES;
				CLANG_WARN_CONSTANT_CONVERSION = YES;
				CLANG_WARN_DIRECT_OBJC_ISA_USAGE = YES_ERROR;
				CLANG_WARN_DOCUMENTATION_COMMENTS = YES;
				CLANG_WARN_EMPTY_BODY = YES;
				CLANG_WARN_ENUM_CONVERSION = YES;
				CLANG_WARN_INFINITE_RECURSION = YES;
				CLANG_WARN_INT_CONVERSION = YES;
				CLANG_WARN_NON_LITERAL_NULL_CONVERSION = YES;
				CLANG_WARN_OBJC_LITERAL_CONVERSION = YES;
				CLANG_WARN_OBJC_ROOT_CLASS = YES_ERROR;
				CLANG_WARN_RANGE_LOOP_ANALYSIS = YES;
				CLANG_WARN_STRICT_PROTOTYPES = YES;
				CLANG_WARN_SUSPICIOUS_MOVE = YES;
				CLANG_WARN_UNGUARDED_AVAILABILITY = YES_AGGRESSIVE;
				CLANG_WARN_UNREACHABLE_CODE = YES;
				CLANG_WARN__DUPLICATE_METHOD_MATCH = YES;
				COPY_PHASE_STRIP = NO;
				DEBUG_INFORMATION_FORMAT = "dwarf-with-dsym";
				ENABLE_NS_ASSERTIONS = NO;
				ENABLE_STRICT_OBJC_MSGSEND = YES;
				GCC_C_LANGUAGE_STANDARD = gnu11;
				GCC_NO_COMMON_BLOCKS = YES;
				GCC_WARN_64_TO_32_BIT_CONVERSION = YES;
				GCC_WARN_ABOUT_RETURN_TYPE = YES_ERROR;
				GCC_WARN_UNDECLARED_SELECTOR = YES;
				GCC_WARN_UNINITIALIZED_AUTOS = YES_AGGRESSIVE;
				GCC_WARN_UNUSED_FUNCTION = YES;
				GCC_WARN_UNUSED_VARIABLE = YES;
				MTL_ENABLE_DEBUG_INFO = NO;
				SWIFT_OPTIMIZATION_LEVEL = "-Owholemodule";
			};
			name = Release;
		};
		8209ACF42022DDA4000255DF /* Debug */ = {
			isa = XCBuildConfiguration;
			buildSettings = {
				ASSETCATALOG_COMPILER_APPICON_NAME = AppIcon;
				CODE_SIGN_IDENTITY = "iPhone Developer";
				CODE_SIGN_STYLE = Automatic;
				DEVELOPMENT_TEAM = 732UXTMZAV;
				INFOPLIST_FILE = "WaterWarriorsMultiplayer iOS/Info.plist";
				IPHONEOS_DEPLOYMENT_TARGET = 11.2;
				LD_RUNPATH_SEARCH_PATHS = "$(inherited) @executable_path/Frameworks";
				PRODUCT_BUNDLE_IDENTIFIER = io.anubistech.WaterWarriorsMultiplayer1;
				PRODUCT_NAME = WaterWarriorsMultiplayer;
				SDKROOT = iphoneos;
				SWIFT_VERSION = 4.0;
				TARGETED_DEVICE_FAMILY = "1,2";
			};
			name = Debug;
		};
		8209ACF52022DDA4000255DF /* Release */ = {
			isa = XCBuildConfiguration;
			buildSettings = {
				ASSETCATALOG_COMPILER_APPICON_NAME = AppIcon;
				CODE_SIGN_IDENTITY = "iPhone Developer";
				CODE_SIGN_STYLE = Automatic;
				DEVELOPMENT_TEAM = 732UXTMZAV;
				INFOPLIST_FILE = "WaterWarriorsMultiplayer iOS/Info.plist";
				IPHONEOS_DEPLOYMENT_TARGET = 11.2;
				LD_RUNPATH_SEARCH_PATHS = "$(inherited) @executable_path/Frameworks";
				PRODUCT_BUNDLE_IDENTIFIER = io.anubistech.WaterWarriorsMultiplayer1;
				PRODUCT_NAME = WaterWarriorsMultiplayer;
				SDKROOT = iphoneos;
				SWIFT_VERSION = 4.0;
				TARGETED_DEVICE_FAMILY = "1,2";
				VALIDATE_PRODUCT = YES;
			};
			name = Release;
		};
/* End XCBuildConfiguration section */

/* Begin XCConfigurationList section */
		8209ACD52022DDA2000255DF /* Build configuration list for PBXProject "WaterWarriorsMultiplayer" */ = {
			isa = XCConfigurationList;
			buildConfigurations = (
				8209ACF12022DDA4000255DF /* Debug */,
				8209ACF22022DDA4000255DF /* Release */,
			);
			defaultConfigurationIsVisible = 0;
			defaultConfigurationName = Release;
		};
		8209ACF32022DDA4000255DF /* Build configuration list for PBXNativeTarget "WaterWarriorsMultiplayer iOS" */ = {
			isa = XCConfigurationList;
			buildConfigurations = (
				8209ACF42022DDA4000255DF /* Debug */,
				8209ACF52022DDA4000255DF /* Release */,
			);
			defaultConfigurationIsVisible = 0;
			defaultConfigurationName = Release;
		};
/* End XCConfigurationList section */
	};
	rootObject = 8209ACD22022DDA2000255DF /* Project object */;
}
